
Microsoft Visual Studio Solution File, Format Version 12.00
# Visual Studio Version 17
VisualStudioVersion = 17.0.31912.275
MinimumVisualStudioVersion = 10.0.40219.1
Project("{FAE04EC0-301F-11D3-BF4B-00C04F79EFBC}") = "AlgoExpert", "AlgoExpert\AlgoExpert.csproj", "{BC7C521A-0212-44B3-8A08-AA3BD18B4FCC}"
EndProject
Global
	GlobalSection(SolutionConfigurationPlatforms) = preSolution
		Debug|Any CPU = Debug|Any CPU
		Release|Any CPU = Release|Any CPU
	EndGlobalSection
	GlobalSection(ProjectConfigurationPlatforms) = postSolution
		{BC7C521A-0212-44B3-8A08-AA3BD18B4FCC}.Debug|Any CPU.ActiveCfg = Debug|Any CPU
		{BC7C521A-0212-44B3-8A08-AA3BD18B4FCC}.Debug|Any CPU.Build.0 = Debug|Any CPU
		{BC7C521A-0212-44B3-8A08-AA3BD18B4FCC}.Release|Any CPU.ActiveCfg = Release|Any CPU
		{BC7C521A-0212-44B3-8A08-AA3BD18B4FCC}.Release|Any CPU.Build.0 = Release|Any CPU
	EndGlobalSection
	GlobalSection(SolutionProperties) = preSolution
		HideSolutionNode = FALSE
	EndGlobalSection
	GlobalSection(ExtensibilityGlobals) = postSolution
		SolutionGuid = {E125E647-FE94-48C9-8460-9D6CCCF09CA9}
	EndGlobalSection
EndGlobal
